
Microsoft Visual Studio Solution File, Format Version 12.00
# Visual Studio Version 17
VisualStudioVersion = 17.9.34723.18
MinimumVisualStudioVersion = 10.0.40219.1
Project("{FAE04EC0-301F-11D3-BF4B-00C04F79EFBC}") = "Kertu", "Kertu\Kertu\Kertu.csproj", "{10970972-98EC-4CAC-927E-A4597A928F5F}"
EndProject
Project("{FAE04EC0-301F-11D3-BF4B-00C04F79EFBC}") = "Kertu.Client", "Kertu\Kertu.Client\Kertu.Client.csproj", "{1FED80CE-A67A-4DD7-8E76-DB18C883D6B3}"
EndProject
Global
	GlobalSection(SolutionConfigurationPlatforms) = preSolution
		Debug|Any CPU = Debug|Any CPU
		Release|Any CPU = Release|Any CPU
	EndGlobalSection
	GlobalSection(ProjectConfigurationPlatforms) = postSolution
		{10970972-98EC-4CAC-927E-A4597A928F5F}.Debug|Any CPU.ActiveCfg = Debug|Any CPU
		{10970972-98EC-4CAC-927E-A4597A928F5F}.Debug|Any CPU.Build.0 = Debug|Any CPU
		{10970972-98EC-4CAC-927E-A4597A928F5F}.Release|Any CPU.ActiveCfg = Release|Any CPU
		{10970972-98EC-4CAC-927E-A4597A928F5F}.Release|Any CPU.Build.0 = Release|Any CPU
		{1FED80CE-A67A-4DD7-8E76-DB18C883D6B3}.Debug|Any CPU.ActiveCfg = Debug|Any CPU
		{1FED80CE-A67A-4DD7-8E76-DB18C883D6B3}.Debug|Any CPU.Build.0 = Debug|Any CPU
		{1FED80CE-A67A-4DD7-8E76-DB18C883D6B3}.Release|Any CPU.ActiveCfg = Release|Any CPU
		{1FED80CE-A67A-4DD7-8E76-DB18C883D6B3}.Release|Any CPU.Build.0 = Release|Any CPU
	EndGlobalSection
	GlobalSection(SolutionProperties) = preSolution
		HideSolutionNode = FALSE
	EndGlobalSection
	GlobalSection(ExtensibilityGlobals) = postSolution
		SolutionGuid = {B26F5F84-89D3-463C-8770-C63365BEFBED}
	EndGlobalSection
EndGlobal
